
Microsoft Visual Studio Solution File, Format Version 12.00
# Visual Studio Version 17
VisualStudioVersion = 17.0.31903.59
MinimumVisualStudioVersion = 10.0.40219.1
Project("{FAE04EC0-301F-11D3-BF4B-00C04F79EFBC}") = "dotnet", "backend_api\dotnet.csproj", "{129ECC41-A0FB-4380-AF80-5BF77E890A4A}"
EndProject
Project("{FAE04EC0-301F-11D3-BF4B-00C04F79EFBC}") = "backend_api.Tests", "backend_api.Tests\backend_api.Tests.csproj", "{402DED39-AF5B-4067-985D-31DC1B6D4FC7}"
EndProject
Global
	GlobalSection(SolutionConfigurationPlatforms) = preSolution
		Debug|Any CPU = Debug|Any CPU
		Release|Any CPU = Release|Any CPU
	EndGlobalSection
	GlobalSection(SolutionProperties) = preSolution
		HideSolutionNode = FALSE
	EndGlobalSection
	GlobalSection(ProjectConfigurationPlatforms) = postSolution
		{129ECC41-A0FB-4380-AF80-5BF77E890A4A}.Debug|Any CPU.ActiveCfg = Debug|Any CPU
		{129ECC41-A0FB-4380-AF80-5BF77E890A4A}.Debug|Any CPU.Build.0 = Debug|Any CPU
		{129ECC41-A0FB-4380-AF80-5BF77E890A4A}.Release|Any CPU.ActiveCfg = Release|Any CPU
		{129ECC41-A0FB-4380-AF80-5BF77E890A4A}.Release|Any CPU.Build.0 = Release|Any CPU
		{402DED39-AF5B-4067-985D-31DC1B6D4FC7}.Debug|Any CPU.ActiveCfg = Debug|Any CPU
		{402DED39-AF5B-4067-985D-31DC1B6D4FC7}.Debug|Any CPU.Build.0 = Debug|Any CPU
		{402DED39-AF5B-4067-985D-31DC1B6D4FC7}.Release|Any CPU.ActiveCfg = Release|Any CPU
		{402DED39-AF5B-4067-985D-31DC1B6D4FC7}.Release|Any CPU.Build.0 = Release|Any CPU
	EndGlobalSection
EndGlobal
